# generated by rye
# use `rye lock` or `rye sync` to update this lockfile
#
# last locked with the following flags:
#   pre: false
#   features: []
#   all-features: false
#   with-sources: false
#   generate-hashes: false
#   universal: false

-e file:.
aiofiles==25.1.0
    # via esgpull-plus
aiostream==0.7.1
    # via esgpull-plus
alembic==1.18.4
    # via esgpull-plus
annotated-types==0.7.0
    # via pydantic
anyio==4.13.0
    # via httpx
attrs==26.1.0
    # via cattrs
    # via esgpull-plus
cattrs==26.1.0
    # via esgpull-plus
cdo==1.6.1
    # via esgpull-plus
certifi==2026.5.20
    # via httpcore
    # via httpx
    # via requests
cffi==2.0.0
    # via cryptography
cftime==1.6.5
    # via esgpull-plus
charset-normalizer==3.4.7
    # via requests
click==8.4.1
    # via click-params
    # via esgpull-plus
click-params==0.5.0
    # via esgpull-plus
cryptography==48.0.1
    # via pyopenssl
deprecated==1.3.1
    # via click-params
greenlet==3.5.1
    # via sqlalchemy
h11==0.16.0
    # via httpcore
httpcore==1.0.9
    # via httpx
httpx==0.28.1
    # via esgpull-plus
idna==3.18
    # via anyio
    # via httpx
    # via requests
mako==1.3.12
    # via alembic
markdown-it-py==4.2.0
    # via rich
markupsafe==3.0.3
    # via mako
mdurl==0.1.2
    # via markdown-it-py
nest-asyncio==1.6.0
    # via esgpull-plus
numpy==2.4.6
    # via cftime
    # via esgpull-plus
    # via pandas
    # via xarray
orjson==3.11.9
    # via esgpull-plus
packaging==26.2
    # via cdo
    # via esgpull-plus
    # via xarray
pandas==3.0.3
    # via esgpull-plus
    # via xarray
platformdirs==4.10.0
    # via esgpull-plus
psutil==7.2.2
    # via esgpull-plus
pycparser==3.0
    # via cffi
pydantic==2.13.4
    # via esgpull-plus
    # via pydantic-settings
pydantic-core==2.46.4
    # via pydantic
pydantic-settings==2.14.1
    # via esgpull-plus
pygments==2.20.0
    # via rich
pyopenssl==26.2.0
    # via esgpull-plus
pyparsing==3.3.2
    # via esgpull-plus
python-dateutil==2.9.0.post0
    # via pandas
python-dotenv==1.2.2
    # via pydantic-settings
pyyaml==6.0.3
    # via esgpull-plus
requests==2.34.2
    # via esgpull-plus
rich==15.0.0
    # via esgpull-plus
setuptools==82.0.1
    # via esgpull-plus
six==1.17.0
    # via cdo
    # via python-dateutil
sqlalchemy==2.0.50
    # via alembic
    # via esgpull-plus
tomlkit==0.15.0
    # via esgpull-plus
typing-extensions==4.15.0
    # via aiostream
    # via alembic
    # via anyio
    # via cattrs
    # via pydantic
    # via pydantic-core
    # via pyopenssl
    # via sqlalchemy
    # via typing-inspection
typing-inspection==0.4.2
    # via pydantic
    # via pydantic-settings
urllib3==2.7.0
    # via requests
validators==0.22.0
    # via click-params
watchdog==6.0.0
    # via esgpull-plus
wrapt==2.2.1
    # via deprecated
xarray==2026.4.0
    # via esgpull-plus
